
Microsoft Visual Studio Solution File, Format Version 12.00
Project("{FAE04EC0-301F-11D3-BF4B-00C04F79EFBC}") = "Aiuk.Common", "Aiuk.Common.csproj", "{98A6FD0F-03E7-4698-8F0E-CD31C24F7384}"
EndProject
Global
	GlobalSection(SolutionConfigurationPlatforms) = preSolution
		Debug|Any CPU = Debug|Any CPU
		Release|Any CPU = Release|Any CPU
	EndGlobalSection
	GlobalSection(ProjectConfigurationPlatforms) = postSolution
		{98A6FD0F-03E7-4698-8F0E-CD31C24F7384}.Debug|Any CPU.ActiveCfg = Debug|Any CPU
		{98A6FD0F-03E7-4698-8F0E-CD31C24F7384}.Debug|Any CPU.Build.0 = Debug|Any CPU
		{98A6FD0F-03E7-4698-8F0E-CD31C24F7384}.Release|Any CPU.ActiveCfg = Release|Any CPU
		{98A6FD0F-03E7-4698-8F0E-CD31C24F7384}.Release|Any CPU.Build.0 = Release|Any CPU
	EndGlobalSection
EndGlobal
